<?xml version="1.0" encoding="utf-8"?>
<Project ToolsVersion="4.0" xmlns="http://schemas.microsoft.com/developer/msbuild/2003">
  <ItemGroup>
    <Filter Include="Source Files">
      <UniqueIdentifier>{4FC737F1-C7A5-4376-A066-2A32D752A2FF}</UniqueIdentifier>
      <Extensions>cpp;c;cc;cxx;def;odl;idl;hpj;bat;asm;asmx</Extensions>
    </Filter>
    <Filter Include="Header Files">
      <UniqueIdentifier>{93995380-89BD-4b04-88EB-625FBE52EBFB}</UniqueIdentifier>
      <Extensions>h;hh;hpp;hxx;hm;inl;inc;xsd</Extensions>
    </Filter>
    <Filter Include="Resource Files">
      <UniqueIdentifier>{67DA6AB6-F800-4c08-8B7A-83BB121AAD01}</UniqueIdentifier>
      <Extensions>rc;ico;cur;bmp;dlg;rc2;rct;bin;rgs;gif;jpg;jpeg;jpe;resx;tiff;tif;png;wav;mfcribbon-ms</Extensions>
    </Filter>
  </ItemGroup>
  <ItemGroup>
    <ClInclude Include="thOth\pattern\acyclicVisitor.hpp">
      <Filter>Header Files</Filter>
    </ClInclude>
    <ClInclude Include="thOth\pattern\lazyObject.hpp">
      <Filter>Header Files</Filter>
    </ClInclude>
    <ClInclude Include="thOth\pattern\observable.hpp">
      <Filter>Header Files</Filter>
    </ClInclude>
    <ClInclude Include="thOth\pattern\observer.hpp">
      <Filter>Header Files</Filter>
    </ClInclude>
    <ClInclude Include="thOth\pattern\visitor.hpp">
      <Filter>Header Files</Filter>
    </ClInclude>
    <ClInclude Include="thOth\quote\quote.hpp">
      <Filter>Header Files</Filter>
    </ClInclude>
    <ClInclude Include="thOth\strategy\marketOrder.hpp">
      <Filter>Header Files</Filter>
    </ClInclude>
    <ClInclude Include="thOth\time\DateTime.hpp">
      <Filter>Header Files</Filter>
    </ClInclude>
    <ClInclude Include="thOth\time\occurence.hpp">
      <Filter>Header Files</Filter>
    </ClInclude>
    <ClInclude Include="thOth\time\TimeSeries.hpp">
      <Filter>Header Files</Filter>
    </ClInclude>
    <ClInclude Include="thOth\handle.hpp">
      <Filter>Header Files</Filter>
    </ClInclude>
    <ClInclude Include="thOth\pnlCalculator.hpp">
      <Filter>Header Files</Filter>
    </ClInclude>
    <ClInclude Include="thOth\portfolio.hpp">
      <Filter>Header Files</Filter>
    </ClInclude>
    <ClInclude Include="thOth\relinkableHandle.hpp">
      <Filter>Header Files</Filter>
    </ClInclude>
    <ClInclude Include="thOth\strategy.hpp">
      <Filter>Header Files</Filter>
    </ClInclude>
    <ClInclude Include="thOth\trade.hpp">
      <Filter>Header Files</Filter>
    </ClInclude>
    <ClInclude Include="thOth\types.hpp">
      <Filter>Header Files</Filter>
    </ClInclude>
    <ClInclude Include="thOth\utilities\csvBuilder.hpp">
      <Filter>Header Files</Filter>
    </ClInclude>
    <ClInclude Include="thOth\pattern\signal.hpp">
      <Filter>Header Files</Filter>
    </ClInclude>
    <ClInclude Include="thOth\pattern\singleton.hpp">
      <Filter>Header Files</Filter>
    </ClInclude>
    <ClInclude Include="thOth\bar\bar.hpp">
      <Filter>Header Files</Filter>
    </ClInclude>
    <ClInclude Include="thOth\time\calendar.hpp">
      <Filter>Header Files</Filter>
    </ClInclude>
    <ClInclude Include="thOth\time\calendars\unitedStates.hpp">
      <Filter>Header Files</Filter>
    </ClInclude>
    <ClInclude Include="thOth\time\period.hpp">
      <Filter>Header Files</Filter>
    </ClInclude>
  </ItemGroup>
  <ItemGroup>
    <ClCompile Include="thOth\pattern\lazyObject.cpp">
      <Filter>Source Files</Filter>
    </ClCompile>
    <ClCompile Include="thOth\pattern\observable.cpp">
      <Filter>Source Files</Filter>
    </ClCompile>
    <ClCompile Include="thOth\pattern\observer.cpp">
      <Filter>Source Files</Filter>
    </ClCompile>
    <ClCompile Include="thOth\quote\quote.cpp">
      <Filter>Source Files</Filter>
    </ClCompile>
    <ClCompile Include="thOth\strategy\marketOrder.cpp">
      <Filter>Source Files</Filter>
    </ClCompile>
    <ClCompile Include="thOth\time\DateTime.cpp">
      <Filter>Source Files</Filter>
    </ClCompile>
    <ClCompile Include="thOth\time\occurence.cpp">
      <Filter>Source Files</Filter>
    </ClCompile>
    <ClCompile Include="thOth\pnlCalculator.cpp">
      <Filter>Source Files</Filter>
    </ClCompile>
    <ClCompile Include="thOth\portfolio.cpp">
      <Filter>Source Files</Filter>
    </ClCompile>
    <ClCompile Include="thOth\strategy.cpp">
      <Filter>Source Files</Filter>
    </ClCompile>
    <ClCompile Include="thOth\trade.cpp">
      <Filter>Source Files</Filter>
    </ClCompile>
    <ClCompile Include="thOth\utilities\csvBuilder.cpp">
      <Filter>Source Files</Filter>
    </ClCompile>
    <ClCompile Include="thOth\bar\bar.cpp">
      <Filter>Source Files</Filter>
    </ClCompile>
    <ClCompile Include="thOth\time\calendar.cpp">
      <Filter>Source Files</Filter>
    </ClCompile>
    <ClCompile Include="thOth\time\calendars\unitedStates.cpp">
      <Filter>Source Files</Filter>
    </ClCompile>
    <ClCompile Include="thOth\time\period.cpp">
      <Filter>Source Files</Filter>
    </ClCompile>
  </ItemGroup>
</Project>