
Microsoft Visual Studio Solution File, Format Version 12.00
# Visual Studio 2013
VisualStudioVersion = 12.0.30501.0
MinimumVisualStudioVersion = 10.0.40219.1
Project("{8BC9CEB8-8B4A-11D0-8D11-00A0C91BC942}") = "thOth", "thOth\thOth.vcxproj", "{7653D38D-8F71-457F-BDE5-B8AF7B8A69BA}"
EndProject
Project("{8BC9CEB8-8B4A-11D0-8D11-00A0C91BC942}") = "BackTestTradeMFC", "thOthMFC\BackTestTradeMFC.vcxproj", "{C7BC0E6C-D951-4A47-957C-25AD2BB163E9}"
	ProjectSection(ProjectDependencies) = postProject
		{7653D38D-8F71-457F-BDE5-B8AF7B8A69BA} = {7653D38D-8F71-457F-BDE5-B8AF7B8A69BA}
		{09D29593-33F0-45D8-B558-EB7CB04A3B01} = {09D29593-33F0-45D8-B558-EB7CB04A3B01}
	EndProjectSection
EndProject
Project("{8BC9CEB8-8B4A-11D0-8D11-00A0C91BC942}") = "sqlite", "..\sqlite\sqlite\sqlite.vcxproj", "{09D29593-33F0-45D8-B558-EB7CB04A3B01}"
	ProjectSection(ProjectDependencies) = postProject
		{7653D38D-8F71-457F-BDE5-B8AF7B8A69BA} = {7653D38D-8F71-457F-BDE5-B8AF7B8A69BA}
	EndProjectSection
EndProject
Project("{8BC9CEB8-8B4A-11D0-8D11-00A0C91BC942}") = "xlThOth", "xlThOth\xlThOth.vcxproj", "{4ACD7E62-5A28-4AE0-8969-549EE6B808BE}"
	ProjectSection(ProjectDependencies) = postProject
		{7653D38D-8F71-457F-BDE5-B8AF7B8A69BA} = {7653D38D-8F71-457F-BDE5-B8AF7B8A69BA}
	EndProjectSection
EndProject
Project("{8BC9CEB8-8B4A-11D0-8D11-00A0C91BC942}") = "testBoostSignal", "testBoostSignal\testBoostSignal.vcxproj", "{2BC8FF5B-2D3F-4664-B150-FAB9B565A8D3}"
EndProject
Global
	GlobalSection(SolutionConfigurationPlatforms) = preSolution
		Debug|Win32 = Debug|Win32
		Debug|x64 = Debug|x64
		Release|Win32 = Release|Win32
		Release|x64 = Release|x64
	EndGlobalSection
	GlobalSection(ProjectConfigurationPlatforms) = postSolution
		{7653D38D-8F71-457F-BDE5-B8AF7B8A69BA}.Debug|Win32.ActiveCfg = Debug|Win32
		{7653D38D-8F71-457F-BDE5-B8AF7B8A69BA}.Debug|Win32.Build.0 = Debug|Win32
		{7653D38D-8F71-457F-BDE5-B8AF7B8A69BA}.Debug|x64.ActiveCfg = Debug|Win32
		{7653D38D-8F71-457F-BDE5-B8AF7B8A69BA}.Release|Win32.ActiveCfg = Release|Win32
		{7653D38D-8F71-457F-BDE5-B8AF7B8A69BA}.Release|Win32.Build.0 = Release|Win32
		{7653D38D-8F71-457F-BDE5-B8AF7B8A69BA}.Release|x64.ActiveCfg = Release|Win32
		{7653D38D-8F71-457F-BDE5-B8AF7B8A69BA}.Release|x64.Build.0 = Release|Win32
		{C7BC0E6C-D951-4A47-957C-25AD2BB163E9}.Debug|Win32.ActiveCfg = Debug|Win32
		{C7BC0E6C-D951-4A47-957C-25AD2BB163E9}.Debug|Win32.Build.0 = Debug|Win32
		{C7BC0E6C-D951-4A47-957C-25AD2BB163E9}.Debug|x64.ActiveCfg = Debug|Win32
		{C7BC0E6C-D951-4A47-957C-25AD2BB163E9}.Release|Win32.ActiveCfg = Release|Win32
		{C7BC0E6C-D951-4A47-957C-25AD2BB163E9}.Release|Win32.Build.0 = Release|Win32
		{C7BC0E6C-D951-4A47-957C-25AD2BB163E9}.Release|x64.ActiveCfg = Release|Win32
		{C7BC0E6C-D951-4A47-957C-25AD2BB163E9}.Release|x64.Build.0 = Release|Win32
		{09D29593-33F0-45D8-B558-EB7CB04A3B01}.Debug|Win32.ActiveCfg = Debug|Win32
		{09D29593-33F0-45D8-B558-EB7CB04A3B01}.Debug|Win32.Build.0 = Debug|Win32
		{09D29593-33F0-45D8-B558-EB7CB04A3B01}.Debug|x64.ActiveCfg = Debug|Win32
		{09D29593-33F0-45D8-B558-EB7CB04A3B01}.Release|Win32.ActiveCfg = Release|Win32
		{09D29593-33F0-45D8-B558-EB7CB04A3B01}.Release|Win32.Build.0 = Release|Win32
		{09D29593-33F0-45D8-B558-EB7CB04A3B01}.Release|x64.ActiveCfg = Release|Win32
		{09D29593-33F0-45D8-B558-EB7CB04A3B01}.Release|x64.Build.0 = Release|Win32
		{4ACD7E62-5A28-4AE0-8969-549EE6B808BE}.Debug|Win32.ActiveCfg = Debug|Win32
		{4ACD7E62-5A28-4AE0-8969-549EE6B808BE}.Debug|Win32.Build.0 = Debug|Win32
		{4ACD7E62-5A28-4AE0-8969-549EE6B808BE}.Debug|x64.ActiveCfg = Debug|Win32
		{4ACD7E62-5A28-4AE0-8969-549EE6B808BE}.Release|Win32.ActiveCfg = Release|Win32
		{4ACD7E62-5A28-4AE0-8969-549EE6B808BE}.Release|Win32.Build.0 = Release|Win32
		{4ACD7E62-5A28-4AE0-8969-549EE6B808BE}.Release|x64.ActiveCfg = Release|Win32
		{4ACD7E62-5A28-4AE0-8969-549EE6B808BE}.Release|x64.Build.0 = Release|Win32
		{2BC8FF5B-2D3F-4664-B150-FAB9B565A8D3}.Debug|Win32.ActiveCfg = Debug|Win32
		{2BC8FF5B-2D3F-4664-B150-FAB9B565A8D3}.Debug|Win32.Build.0 = Debug|Win32
		{2BC8FF5B-2D3F-4664-B150-FAB9B565A8D3}.Debug|x64.ActiveCfg = Debug|Win32
		{2BC8FF5B-2D3F-4664-B150-FAB9B565A8D3}.Release|Win32.ActiveCfg = Release|Win32
		{2BC8FF5B-2D3F-4664-B150-FAB9B565A8D3}.Release|Win32.Build.0 = Release|Win32
		{2BC8FF5B-2D3F-4664-B150-FAB9B565A8D3}.Release|x64.ActiveCfg = Release|Win32
	EndGlobalSection
	GlobalSection(SolutionProperties) = preSolution
		HideSolutionNode = FALSE
	EndGlobalSection
EndGlobal
