<?xml version="1.0" encoding="utf-8"?>
<Project ToolsVersion="4.0" xmlns="http://schemas.microsoft.com/developer/msbuild/2003">
  <ItemGroup>
    <Filter Include="GUI">
      <UniqueIdentifier>{c3cebf80-59b6-4896-9d83-6317517510a1}</UniqueIdentifier>
    </Filter>
    <Filter Include="DataBase">
      <UniqueIdentifier>{e89dbb3b-0b5e-4bec-b8da-46e55cba1bc7}</UniqueIdentifier>
    </Filter>
    <Filter Include="DataBase\RecordSet">
      <UniqueIdentifier>{3ca21e8f-8c11-4d8c-bd97-21677a5c723d}</UniqueIdentifier>
    </Filter>
    <Filter Include="resources">
      <UniqueIdentifier>{67DA6AB6-F800-4c08-8B7A-83BB121AAD01}</UniqueIdentifier>
      <Extensions>rc;ico;cur;bmp;dlg;rc2;rct;bin;rgs;gif;jpg;jpeg;jpe;resx;tiff;tif;png;wav;mfcribbon-ms</Extensions>
    </Filter>
    <Filter Include="conversions">
      <UniqueIdentifier>{42b5c491-8f8a-46cb-b6a3-f29412739163}</UniqueIdentifier>
    </Filter>
    <Filter Include="conversions\DateTime">
      <UniqueIdentifier>{7282a645-8ad1-4118-b9e4-d0b9dc96b0f3}</UniqueIdentifier>
    </Filter>
  </ItemGroup>
  <ItemGroup>
    <ClInclude Include="GUI\ChildFrm.h">
      <Filter>GUI</Filter>
    </ClInclude>
    <ClInclude Include="GUI\BackTestTradeMFCFormView.h">
      <Filter>GUI</Filter>
    </ClInclude>
    <ClInclude Include="GUI\BackTestTradeMFCView.h">
      <Filter>GUI</Filter>
    </ClInclude>
    <ClInclude Include="GUI\MainFrm.h">
      <Filter>GUI</Filter>
    </ClInclude>
    <ClInclude Include="DataBase\Recordset\TABLE_QUOTE.h">
      <Filter>DataBase\RecordSet</Filter>
    </ClInclude>
    <ClInclude Include="DataBase\Recordset\TABLE_INSTRUMENT.h">
      <Filter>DataBase\RecordSet</Filter>
    </ClInclude>
    <ClInclude Include="BackTestTradeMFC.h" />
    <ClInclude Include="BackTestTradeMFCDoc.h" />
    <ClInclude Include="stdafx.h" />
    <ClInclude Include="targetver.h" />
    <ClInclude Include="resources\Resource.h">
      <Filter>resources</Filter>
    </ClInclude>
    <ClInclude Include="conversions\DateTime\DateTime.h">
      <Filter>conversions\DateTime</Filter>
    </ClInclude>
  </ItemGroup>
  <ItemGroup>
    <ClCompile Include="GUI\ChildFrm.cpp">
      <Filter>GUI</Filter>
    </ClCompile>
    <ClCompile Include="GUI\BackTestTradeMFCFormView.cpp">
      <Filter>GUI</Filter>
    </ClCompile>
    <ClCompile Include="GUI\MainFrm.cpp">
      <Filter>GUI</Filter>
    </ClCompile>
    <ClCompile Include="GUI\BackTestTradeMFCView.cpp">
      <Filter>GUI</Filter>
    </ClCompile>
    <ClCompile Include="DataBase\Recordset\TABLE_INSTRUMENT.cpp">
      <Filter>DataBase\RecordSet</Filter>
    </ClCompile>
    <ClCompile Include="DataBase\Recordset\TABLE_QUOTE.cpp">
      <Filter>DataBase\RecordSet</Filter>
    </ClCompile>
    <ClCompile Include="BackTestTradeMFC.cpp" />
    <ClCompile Include="BackTestTradeMFCDoc.cpp" />
    <ClCompile Include="stdafx.cpp" />
    <ClCompile Include="conversions\DateTime\DateTime.cpp">
      <Filter>conversions\DateTime</Filter>
    </ClCompile>
  </ItemGroup>
  <ItemGroup>
    <None Include="BackTestTradeMFC.reg">
      <Filter>resources</Filter>
    </None>
    <None Include="resources\BackTestTradeMFC.rc2">
      <Filter>resources</Filter>
    </None>
  </ItemGroup>
  <ItemGroup>
    <ResourceCompile Include="BackTestTradeMFC.rc">
      <Filter>resources</Filter>
    </ResourceCompile>
  </ItemGroup>
  <ItemGroup>
    <Image Include="resources\BackTestTradeMFC.ico">
      <Filter>resources</Filter>
    </Image>
    <Image Include="resources\BackTestTradeMFCDoc.ico">
      <Filter>resources</Filter>
    </Image>
    <Image Include="resources\Toolbar.bmp">
      <Filter>resources</Filter>
    </Image>
  </ItemGroup>
  <ItemGroup>
    <Text Include="ReadMe.txt">
      <Filter>resources</Filter>
    </Text>
  </ItemGroup>
</Project>